
Microsoft Visual Studio Solution File, Format Version 12.00
# Visual Studio Version 16
VisualStudioVersion = 16.0.29709.97
MinimumVisualStudioVersion = 10.0.40219.1
Project("{9A19103F-16F7-4668-BE54-9A1E7A4F7556}") = "WebStore", "WebStore\WebStore.csproj", "{E4145994-1D23-4421-A60B-25B588355400}"
EndProject
Project("{9A19103F-16F7-4668-BE54-9A1E7A4F7556}") = "WebStore.DAL", "WebStore.DAL\WebStore.DAL.csproj", "{D2F21D60-2690-484C-9CD1-3E4A1E6E316B}"
EndProject
Project("{2150E333-8FDC-42A3-9474-1A3956D46DE8}") = "UI", "UI", "{F2A975C2-4D08-44EB-A242-DFF6CBEAD60F}"
EndProject
Project("{2150E333-8FDC-42A3-9474-1A3956D46DE8}") = "Common", "Common", "{43AFCA80-7A0E-482C-809C-2E843D684BC3}"
EndProject
Project("{2150E333-8FDC-42A3-9474-1A3956D46DE8}") = "Services", "Services", "{FC3D52E0-F079-4BCD-8AF0-4535B0AD91F4}"
EndProject
Project("{9A19103F-16F7-4668-BE54-9A1E7A4F7556}") = "WebStore.Services", "WebStore.Services\WebStore.Services.csproj", "{54D25C56-CD76-4053-9A03-0829F06022CA}"
EndProject
Project("{9A19103F-16F7-4668-BE54-9A1E7A4F7556}") = "WebStore.Domain", "WebStore.Domain\WebStore.Domain.csproj", "{4AAFE4B7-95B3-4FB7-A8D6-51336B5FFA82}"
EndProject
Project("{9A19103F-16F7-4668-BE54-9A1E7A4F7556}") = "WebSore.Interfaces", "WebSore.Interfaces\WebSore.Interfaces.csproj", "{282ECCC2-44C1-4DA6-8516-26E20ED0699D}"
EndProject
Global
	GlobalSection(SolutionConfigurationPlatforms) = preSolution
		Debug|Any CPU = Debug|Any CPU
		Release|Any CPU = Release|Any CPU
	EndGlobalSection
	GlobalSection(ProjectConfigurationPlatforms) = postSolution
		{E4145994-1D23-4421-A60B-25B588355400}.Debug|Any CPU.ActiveCfg = Debug|Any CPU
		{E4145994-1D23-4421-A60B-25B588355400}.Debug|Any CPU.Build.0 = Debug|Any CPU
		{E4145994-1D23-4421-A60B-25B588355400}.Release|Any CPU.ActiveCfg = Release|Any CPU
		{E4145994-1D23-4421-A60B-25B588355400}.Release|Any CPU.Build.0 = Release|Any CPU
		{D2F21D60-2690-484C-9CD1-3E4A1E6E316B}.Debug|Any CPU.ActiveCfg = Debug|Any CPU
		{D2F21D60-2690-484C-9CD1-3E4A1E6E316B}.Debug|Any CPU.Build.0 = Debug|Any CPU
		{D2F21D60-2690-484C-9CD1-3E4A1E6E316B}.Release|Any CPU.ActiveCfg = Release|Any CPU
		{D2F21D60-2690-484C-9CD1-3E4A1E6E316B}.Release|Any CPU.Build.0 = Release|Any CPU
		{54D25C56-CD76-4053-9A03-0829F06022CA}.Debug|Any CPU.ActiveCfg = Debug|Any CPU
		{54D25C56-CD76-4053-9A03-0829F06022CA}.Debug|Any CPU.Build.0 = Debug|Any CPU
		{54D25C56-CD76-4053-9A03-0829F06022CA}.Release|Any CPU.ActiveCfg = Release|Any CPU
		{54D25C56-CD76-4053-9A03-0829F06022CA}.Release|Any CPU.Build.0 = Release|Any CPU
		{4AAFE4B7-95B3-4FB7-A8D6-51336B5FFA82}.Debug|Any CPU.ActiveCfg = Debug|Any CPU
		{4AAFE4B7-95B3-4FB7-A8D6-51336B5FFA82}.Debug|Any CPU.Build.0 = Debug|Any CPU
		{4AAFE4B7-95B3-4FB7-A8D6-51336B5FFA82}.Release|Any CPU.ActiveCfg = Release|Any CPU
		{4AAFE4B7-95B3-4FB7-A8D6-51336B5FFA82}.Release|Any CPU.Build.0 = Release|Any CPU
		{282ECCC2-44C1-4DA6-8516-26E20ED0699D}.Debug|Any CPU.ActiveCfg = Debug|Any CPU
		{282ECCC2-44C1-4DA6-8516-26E20ED0699D}.Debug|Any CPU.Build.0 = Debug|Any CPU
		{282ECCC2-44C1-4DA6-8516-26E20ED0699D}.Release|Any CPU.ActiveCfg = Release|Any CPU
		{282ECCC2-44C1-4DA6-8516-26E20ED0699D}.Release|Any CPU.Build.0 = Release|Any CPU
	EndGlobalSection
	GlobalSection(SolutionProperties) = preSolution
		HideSolutionNode = FALSE
	EndGlobalSection
	GlobalSection(NestedProjects) = preSolution
		{E4145994-1D23-4421-A60B-25B588355400} = {F2A975C2-4D08-44EB-A242-DFF6CBEAD60F}
		{D2F21D60-2690-484C-9CD1-3E4A1E6E316B} = {FC3D52E0-F079-4BCD-8AF0-4535B0AD91F4}
		{54D25C56-CD76-4053-9A03-0829F06022CA} = {FC3D52E0-F079-4BCD-8AF0-4535B0AD91F4}
		{4AAFE4B7-95B3-4FB7-A8D6-51336B5FFA82} = {43AFCA80-7A0E-482C-809C-2E843D684BC3}
		{282ECCC2-44C1-4DA6-8516-26E20ED0699D} = {FC3D52E0-F079-4BCD-8AF0-4535B0AD91F4}
	EndGlobalSection
	GlobalSection(ExtensibilityGlobals) = postSolution
		SolutionGuid = {D45D9343-7A23-4107-9C1B-3A5A546E38ED}
	EndGlobalSection
EndGlobal
